
Microsoft Visual Studio Solution File, Format Version 12.00
# Visual Studio Version 17
VisualStudioVersion = 17.7.34024.191
MinimumVisualStudioVersion = 10.0.40219.1
Project("{FAE04EC0-301F-11D3-BF4B-00C04F79EFBC}") = "_SortedDictionary", "_SortedDictionary.csproj", "{BEEC0F82-02F5-43DE-AD23-D3D430B92C9D}"
EndProject
Global
	GlobalSection(SolutionConfigurationPlatforms) = preSolution
		Debug|Any CPU = Debug|Any CPU
		Release|Any CPU = Release|Any CPU
	EndGlobalSection
	GlobalSection(ProjectConfigurationPlatforms) = postSolution
		{BEEC0F82-02F5-43DE-AD23-D3D430B92C9D}.Debug|Any CPU.ActiveCfg = Debug|Any CPU
		{BEEC0F82-02F5-43DE-AD23-D3D430B92C9D}.Debug|Any CPU.Build.0 = Debug|Any CPU
		{BEEC0F82-02F5-43DE-AD23-D3D430B92C9D}.Release|Any CPU.ActiveCfg = Release|Any CPU
		{BEEC0F82-02F5-43DE-AD23-D3D430B92C9D}.Release|Any CPU.Build.0 = Release|Any CPU
	EndGlobalSection
	GlobalSection(SolutionProperties) = preSolution
		HideSolutionNode = FALSE
	EndGlobalSection
	GlobalSection(ExtensibilityGlobals) = postSolution
		SolutionGuid = {FC5D5FB4-416C-497C-9F67-664E2E1209A5}
	EndGlobalSection
EndGlobal
